
Microsoft Visual Studio Solution File, Format Version 12.00
# Visual Studio Version 17
VisualStudioVersion = 17.11.35312.102
MinimumVisualStudioVersion = 10.0.40219.1
Project("{9A19103F-16F7-4668-BE54-9A1E7A4F7556}") = "LinkDev.CompanyBase.PL", "LinkDev.CompanySuite.PL\LinkDev.CompanyBase.PL.csproj", "{EEBF311A-100F-47FA-A033-E1D622F69261}"
EndProject
Project("{9A19103F-16F7-4668-BE54-9A1E7A4F7556}") = "LinkDev.CompanyBase.BLL", "LinkDev.CompanySutie.BLL\LinkDev.CompanyBase.BLL.csproj", "{1858480A-30AF-4458-A2BE-F7329A0B2819}"
EndProject
Project("{9A19103F-16F7-4668-BE54-9A1E7A4F7556}") = "LinkDev.CompanyBase.DAL", "LinkDev.CompanySuite.DAL\LinkDev.CompanyBase.DAL.csproj", "{BA1093AB-1766-4D49-B1BA-7B41E8074C6F}"
EndProject
Global
	GlobalSection(SolutionConfigurationPlatforms) = preSolution
		Debug|Any CPU = Debug|Any CPU
		Release|Any CPU = Release|Any CPU
	EndGlobalSection
	GlobalSection(ProjectConfigurationPlatforms) = postSolution
		{EEBF311A-100F-47FA-A033-E1D622F69261}.Debug|Any CPU.ActiveCfg = Debug|Any CPU
		{EEBF311A-100F-47FA-A033-E1D622F69261}.Debug|Any CPU.Build.0 = Debug|Any CPU
		{EEBF311A-100F-47FA-A033-E1D622F69261}.Release|Any CPU.ActiveCfg = Release|Any CPU
		{EEBF311A-100F-47FA-A033-E1D622F69261}.Release|Any CPU.Build.0 = Release|Any CPU
		{1858480A-30AF-4458-A2BE-F7329A0B2819}.Debug|Any CPU.ActiveCfg = Debug|Any CPU
		{1858480A-30AF-4458-A2BE-F7329A0B2819}.Debug|Any CPU.Build.0 = Debug|Any CPU
		{1858480A-30AF-4458-A2BE-F7329A0B2819}.Release|Any CPU.ActiveCfg = Release|Any CPU
		{1858480A-30AF-4458-A2BE-F7329A0B2819}.Release|Any CPU.Build.0 = Release|Any CPU
		{BA1093AB-1766-4D49-B1BA-7B41E8074C6F}.Debug|Any CPU.ActiveCfg = Debug|Any CPU
		{BA1093AB-1766-4D49-B1BA-7B41E8074C6F}.Debug|Any CPU.Build.0 = Debug|Any CPU
		{BA1093AB-1766-4D49-B1BA-7B41E8074C6F}.Release|Any CPU.ActiveCfg = Release|Any CPU
		{BA1093AB-1766-4D49-B1BA-7B41E8074C6F}.Release|Any CPU.Build.0 = Release|Any CPU
	EndGlobalSection
	GlobalSection(SolutionProperties) = preSolution
		HideSolutionNode = FALSE
	EndGlobalSection
	GlobalSection(ExtensibilityGlobals) = postSolution
		SolutionGuid = {E283DAD8-FBE4-48AA-A866-2BA8EDF1150E}
	EndGlobalSection
EndGlobal
